
Microsoft Visual Studio Solution File, Format Version 12.00
# Visual Studio 14
VisualStudioVersion = 14.0.25420.1
MinimumVisualStudioVersion = 10.0.40219.1
Project("{8BC9CEB8-8B4A-11D0-8D11-00A0C91BC942}") = "Shared", "Shared\Shared.vcxproj", "{FB5709E2-339E-4E22-B54B-7621537122D8}"
EndProject
Project("{8BC9CEB8-8B4A-11D0-8D11-00A0C91BC942}") = "CustomerModule", "CustomerModule\CustomerModule.vcxproj", "{E5E87C69-6B4F-4D68-B655-2BFFF894DE61}"
EndProject
Project("{8BC9CEB8-8B4A-11D0-8D11-00A0C91BC942}") = "AccountModule", "AccountModule\AccountModule.vcxproj", "{6160CC62-38CD-4FED-87F7-6E0BA77D2065}"
EndProject
Project("{8BC9CEB8-8B4A-11D0-8D11-00A0C91BC942}") = "TransactionModule", "TransactionModule\TransactionModule.vcxproj", "{36029787-A6CD-4601-9EA1-AF29C31DB703}"
EndProject
Project("{8BC9CEB8-8B4A-11D0-8D11-00A0C91BC942}") = "CurrencyTranslationModule", "CurrencyTranslationModule\CurrencyTranslationModule.vcxproj", "{145A24D8-C7A0-4CEF-B36F-3FE305647C41}"
EndProject
Project("{8BC9CEB8-8B4A-11D0-8D11-00A0C91BC942}") = "PersistenceModule", "PersistenceModule\PersistenceModule.vcxproj", "{63E421A1-E3C5-4A75-9117-B34D478F2904}"
EndProject
Project("{2150E333-8FDC-42A3-9474-1A3956D46DE8}") = "BankComponents", "BankComponents", "{6503D200-3D0B-42AF-A42B-3DBBCF697013}"
EndProject
Project("{2150E333-8FDC-42A3-9474-1A3956D46DE8}") = "Wrapper", "Wrapper", "{F7FEB738-BD1A-4471-B70E-9CC4698068A0}"
EndProject
Project("{2150E333-8FDC-42A3-9474-1A3956D46DE8}") = "Foreign", "Foreign", "{83288336-36A0-477C-9EC0-E3698764A05A}"
EndProject
Project("{2150E333-8FDC-42A3-9474-1A3956D46DE8}") = "Own", "Own", "{4C5FAB3F-7611-4B27-84A1-853744C7D822}"
EndProject
Project("{2150E333-8FDC-42A3-9474-1A3956D46DE8}") = "Tests", "Tests", "{3DF54690-67FD-4D63-81D9-72E1D80ECAD7}"
EndProject
Project("{2150E333-8FDC-42A3-9474-1A3956D46DE8}") = "Modules", "Modules", "{E4E1C1C6-DEB8-49A4-A999-5F20064F17BD}"
EndProject
Project("{FAE04EC0-301F-11D3-BF4B-00C04F79EFBC}") = "AccountWrapper", "Wrapper\Own\AccountWrapper\AccountWrapper.csproj", "{91529214-4D38-4F1B-AFD9-A9D3535B5D3E}"
	ProjectSection(ProjectDependencies) = postProject
		{6160CC62-38CD-4FED-87F7-6E0BA77D2065} = {6160CC62-38CD-4FED-87F7-6E0BA77D2065}
	EndProjectSection
EndProject
Project("{FAE04EC0-301F-11D3-BF4B-00C04F79EFBC}") = "CurrencyTranslationWrapper", "Wrapper\Own\CurrencyTranslationWrapper\CurrencyTranslationWrapper.csproj", "{714B8C6D-ADAD-4586-BC04-796152C44FFF}"
	ProjectSection(ProjectDependencies) = postProject
		{145A24D8-C7A0-4CEF-B36F-3FE305647C41} = {145A24D8-C7A0-4CEF-B36F-3FE305647C41}
	EndProjectSection
EndProject
Project("{FAE04EC0-301F-11D3-BF4B-00C04F79EFBC}") = "CustomerWrapper", "Wrapper\Own\CustomerWrapper\CustomerWrapper.csproj", "{B999F7F1-489B-4471-9FBD-99756D824E38}"
	ProjectSection(ProjectDependencies) = postProject
		{E5E87C69-6B4F-4D68-B655-2BFFF894DE61} = {E5E87C69-6B4F-4D68-B655-2BFFF894DE61}
	EndProjectSection
EndProject
Project("{FAE04EC0-301F-11D3-BF4B-00C04F79EFBC}") = "PersistenceWrapper", "Wrapper\Own\PersistenceWrapper\PersistenceWrapper.csproj", "{DA2192AF-502E-481B-BE5D-AD9690F75E8D}"
	ProjectSection(ProjectDependencies) = postProject
		{63E421A1-E3C5-4A75-9117-B34D478F2904} = {63E421A1-E3C5-4A75-9117-B34D478F2904}
	EndProjectSection
EndProject
Project("{FAE04EC0-301F-11D3-BF4B-00C04F79EFBC}") = "TransactionWrapper", "Wrapper\Own\TransactionWrapper\TransactionWrapper.csproj", "{1DEF782B-D799-4D5D-B13C-E37521EABB22}"
	ProjectSection(ProjectDependencies) = postProject
		{36029787-A6CD-4601-9EA1-AF29C31DB703} = {36029787-A6CD-4601-9EA1-AF29C31DB703}
	EndProjectSection
EndProject
Project("{FAE04EC0-301F-11D3-BF4B-00C04F79EFBC}") = "CustomerWrapper", "Wrapper\Foreign\CustomerWrapper\CustomerWrapper.csproj", "{1F0F06B5-1492-446F-9B1A-91E57480047F}"
EndProject
Project("{FAE04EC0-301F-11D3-BF4B-00C04F79EFBC}") = "AccountWrapper", "Wrapper\Foreign\AccountWrapper\AccountWrapper.csproj", "{68A3D373-B8DF-416D-980D-751AAFDFA547}"
EndProject
Project("{FAE04EC0-301F-11D3-BF4B-00C04F79EFBC}") = "PersistenceWrapper", "Wrapper\Foreign\PersistenceWrapper\PersistenceWrapper.csproj", "{37199F2A-83A6-48BE-AA45-1841C34CC07E}"
EndProject
Project("{FAE04EC0-301F-11D3-BF4B-00C04F79EFBC}") = "TransactionWrapper", "Wrapper\Foreign\TransactionWrapper\TransactionWrapper.csproj", "{23B8CC31-D91C-4088-92D6-774FED9928F3}"
EndProject
Project("{FAE04EC0-301F-11D3-BF4B-00C04F79EFBC}") = "Contracts", "Contracts\Contracts.csproj", "{6F52A3FC-DB4B-45EF-A610-85FC733A9388}"
EndProject
Project("{2150E333-8FDC-42A3-9474-1A3956D46DE8}") = "Services", "Services", "{96F336EA-F8C3-41DF-A7FA-B778A96BF9A1}"
EndProject
Project("{2150E333-8FDC-42A3-9474-1A3956D46DE8}") = "Foreign", "Foreign", "{2499A2C4-6C34-46B7-9367-949A6216929B}"
EndProject
Project("{2150E333-8FDC-42A3-9474-1A3956D46DE8}") = "Own", "Own", "{065E43ED-FAB8-42E5-B6B2-B2A92B365031}"
EndProject
Project("{FAE04EC0-301F-11D3-BF4B-00C04F79EFBC}") = "AccountService", "Services\Own\AccountService\AccountService.csproj", "{B229843F-C773-456F-9524-3D22BFC65DF0}"
EndProject
Project("{FAE04EC0-301F-11D3-BF4B-00C04F79EFBC}") = "CustomerService", "Services\Own\CustomerService\CustomerService.csproj", "{3A4FA5EF-6D1C-48BD-89F0-B648FC3FABC7}"
EndProject
Project("{FAE04EC0-301F-11D3-BF4B-00C04F79EFBC}") = "TransactionService", "Services\Own\TransactionService\TransactionService.csproj", "{E79D9C7F-F5D7-46F5-BCAC-627F5882CEDC}"
EndProject
Project("{FAE04EC0-301F-11D3-BF4B-00C04F79EFBC}") = "PersistenceService", "Services\Own\PersistenceService\PersistenceService.csproj", "{3B8CC528-2D88-40F8-A02E-CD74EE516366}"
EndProject
Project("{FAE04EC0-301F-11D3-BF4B-00C04F79EFBC}") = "CurrencyTranslationService", "Services\Own\CurrencyTranslationService\CurrencyTranslationService.csproj", "{83B820A2-4E89-4697-B1A4-1591B9E5AEA9}"
EndProject
Project("{2150E333-8FDC-42A3-9474-1A3956D46DE8}") = "Common", "Common", "{2BE3A366-B4A5-44AE-90CE-009735B4A7E6}"
	ProjectSection(SolutionItems) = preProject
		Version.cs = Version.cs
	EndProjectSection
EndProject
Project("{FAE04EC0-301F-11D3-BF4B-00C04F79EFBC}") = "AccountService", "Services\Foreign\AccountService\AccountService.csproj", "{1819E7B0-6582-4E15-A11A-EB460BF6577B}"
EndProject
Project("{FAE04EC0-301F-11D3-BF4B-00C04F79EFBC}") = "CurrencyTranslationService", "Services\Foreign\CurrencyTranslationService\CurrencyTranslationService.csproj", "{33C258CD-341F-4A77-805E-EF6B17C4D09F}"
EndProject
Project("{FAE04EC0-301F-11D3-BF4B-00C04F79EFBC}") = "CustomerService", "Services\Foreign\CustomerService\CustomerService.csproj", "{DAF690F8-FCF0-4A67-83BB-03BC8B19472F}"
EndProject
Project("{FAE04EC0-301F-11D3-BF4B-00C04F79EFBC}") = "PersistenceService", "Services\Foreign\PersistenceService\PersistenceService.csproj", "{880BA33B-1E33-421E-B2A7-99FB0FBD139F}"
EndProject
Project("{FAE04EC0-301F-11D3-BF4B-00C04F79EFBC}") = "TransactionService", "Services\Foreign\TransactionService\TransactionService.csproj", "{A2850362-C90E-4BE9-B831-C1345BD2E7D1}"
EndProject
Project("{FAE04EC0-301F-11D3-BF4B-00C04F79EFBC}") = "MEFDemo", "SimpleConsoleApplication\MEFDemo.csproj", "{70499128-C9BC-4A83-8331-1BFEF3BC3AEC}"
EndProject
Project("{FAE04EC0-301F-11D3-BF4B-00C04F79EFBC}") = "WrapperTestApp", "WrapperTestApp\WrapperTestApp.csproj", "{7FED6267-FA98-4F56-AF7A-05F8A1554623}"
EndProject
Project("{FAE04EC0-301F-11D3-BF4B-00C04F79EFBC}") = "Components.Common", "Common\Components.Common\Components.Common.csproj", "{5D7E5B8C-BF19-4A32-87CC-E8571AB48683}"
EndProject
Project("{8BC9CEB8-8B4A-11D0-8D11-00A0C91BC942}") = "AccountModuleTest", "Test\AccountModuleTest\AccountModuleTest.vcxproj", "{7981C7B9-AD01-4009-966B-D8D85B7270C1}"
EndProject
Project("{8BC9CEB8-8B4A-11D0-8D11-00A0C91BC942}") = "CurrencyTranslationModuleTest", "Test\CurrencyTranslationModuleTest\CurrencyTranslationModuleTest.vcxproj", "{EF8D33E9-1E54-4659-9431-BAFE865778BF}"
EndProject
Project("{8BC9CEB8-8B4A-11D0-8D11-00A0C91BC942}") = "CustomerModuleTest", "Test\CustomerModuleTest\CustomerModuleTest.vcxproj", "{370EDC86-C411-4DF3-B239-F8707F0378EB}"
EndProject
Project("{8BC9CEB8-8B4A-11D0-8D11-00A0C91BC942}") = "PersistenceModuleTest", "Test\PersistenceModuleTest\PersistenceModuleTest.vcxproj", "{E60DC350-AE24-4834-864B-754D6B1C7748}"
EndProject
Project("{8BC9CEB8-8B4A-11D0-8D11-00A0C91BC942}") = "TransactionModuleTest", "Test\TransactionModuleTest\TransactionModuleTest.vcxproj", "{CEBB70B3-21AC-4C14-833F-FB15C04D187C}"
EndProject
Project("{FAE04EC0-301F-11D3-BF4B-00C04F79EFBC}") = "TestForeignWrapper", "Test\TestForeignWrapper\TestForeignWrapper.csproj", "{96989C95-DD4A-4EE3-A73A-FB9F049AD368}"
EndProject
Project("{FAE04EC0-301F-11D3-BF4B-00C04F79EFBC}") = "BankingApplication", "BankingApplication\BankingApplication.csproj", "{44BF052E-24FB-4878-96E9-9DA188B5EF9B}"
EndProject
Global
	GlobalSection(SolutionConfigurationPlatforms) = preSolution
		Debug|Any CPU = Debug|Any CPU
		Debug|x64 = Debug|x64
		Debug|x86 = Debug|x86
		Release|Any CPU = Release|Any CPU
		Release|x64 = Release|x64
		Release|x86 = Release|x86
	EndGlobalSection
	GlobalSection(ProjectConfigurationPlatforms) = postSolution
		{FB5709E2-339E-4E22-B54B-7621537122D8}.Debug|Any CPU.ActiveCfg = Debug|Win32
		{FB5709E2-339E-4E22-B54B-7621537122D8}.Debug|Any CPU.Build.0 = Debug|Win32
		{FB5709E2-339E-4E22-B54B-7621537122D8}.Debug|x64.ActiveCfg = Debug|Win32
		{FB5709E2-339E-4E22-B54B-7621537122D8}.Debug|x64.Build.0 = Debug|Win32
		{FB5709E2-339E-4E22-B54B-7621537122D8}.Debug|x86.ActiveCfg = Debug|Win32
		{FB5709E2-339E-4E22-B54B-7621537122D8}.Debug|x86.Build.0 = Debug|Win32
		{FB5709E2-339E-4E22-B54B-7621537122D8}.Release|Any CPU.ActiveCfg = Release|Win32
		{FB5709E2-339E-4E22-B54B-7621537122D8}.Release|Any CPU.Build.0 = Release|Win32
		{FB5709E2-339E-4E22-B54B-7621537122D8}.Release|x64.ActiveCfg = Release|Win32
		{FB5709E2-339E-4E22-B54B-7621537122D8}.Release|x64.Build.0 = Release|Win32
		{FB5709E2-339E-4E22-B54B-7621537122D8}.Release|x86.ActiveCfg = Release|Win32
		{FB5709E2-339E-4E22-B54B-7621537122D8}.Release|x86.Build.0 = Release|Win32
		{E5E87C69-6B4F-4D68-B655-2BFFF894DE61}.Debug|Any CPU.ActiveCfg = Debug|Win32
		{E5E87C69-6B4F-4D68-B655-2BFFF894DE61}.Debug|Any CPU.Build.0 = Debug|Win32
		{E5E87C69-6B4F-4D68-B655-2BFFF894DE61}.Debug|x64.ActiveCfg = Debug|Win32
		{E5E87C69-6B4F-4D68-B655-2BFFF894DE61}.Debug|x64.Build.0 = Debug|Win32
		{E5E87C69-6B4F-4D68-B655-2BFFF894DE61}.Debug|x86.ActiveCfg = Debug|Win32
		{E5E87C69-6B4F-4D68-B655-2BFFF894DE61}.Debug|x86.Build.0 = Debug|Win32
		{E5E87C69-6B4F-4D68-B655-2BFFF894DE61}.Release|Any CPU.ActiveCfg = Release|Win32
		{E5E87C69-6B4F-4D68-B655-2BFFF894DE61}.Release|Any CPU.Build.0 = Release|Win32
		{E5E87C69-6B4F-4D68-B655-2BFFF894DE61}.Release|x64.ActiveCfg = Release|Win32
		{E5E87C69-6B4F-4D68-B655-2BFFF894DE61}.Release|x64.Build.0 = Release|Win32
		{E5E87C69-6B4F-4D68-B655-2BFFF894DE61}.Release|x86.ActiveCfg = Release|Win32
		{E5E87C69-6B4F-4D68-B655-2BFFF894DE61}.Release|x86.Build.0 = Release|Win32
		{6160CC62-38CD-4FED-87F7-6E0BA77D2065}.Debug|Any CPU.ActiveCfg = Debug|Win32
		{6160CC62-38CD-4FED-87F7-6E0BA77D2065}.Debug|Any CPU.Build.0 = Debug|Win32
		{6160CC62-38CD-4FED-87F7-6E0BA77D2065}.Debug|x64.ActiveCfg = Debug|Win32
		{6160CC62-38CD-4FED-87F7-6E0BA77D2065}.Debug|x64.Build.0 = Debug|Win32
		{6160CC62-38CD-4FED-87F7-6E0BA77D2065}.Debug|x86.ActiveCfg = Debug|Win32
		{6160CC62-38CD-4FED-87F7-6E0BA77D2065}.Debug|x86.Build.0 = Debug|Win32
		{6160CC62-38CD-4FED-87F7-6E0BA77D2065}.Release|Any CPU.ActiveCfg = Release|Win32
		{6160CC62-38CD-4FED-87F7-6E0BA77D2065}.Release|Any CPU.Build.0 = Release|Win32
		{6160CC62-38CD-4FED-87F7-6E0BA77D2065}.Release|x64.ActiveCfg = Release|Win32
		{6160CC62-38CD-4FED-87F7-6E0BA77D2065}.Release|x64.Build.0 = Release|Win32
		{6160CC62-38CD-4FED-87F7-6E0BA77D2065}.Release|x86.ActiveCfg = Release|Win32
		{6160CC62-38CD-4FED-87F7-6E0BA77D2065}.Release|x86.Build.0 = Release|Win32
		{36029787-A6CD-4601-9EA1-AF29C31DB703}.Debug|Any CPU.ActiveCfg = Debug|Win32
		{36029787-A6CD-4601-9EA1-AF29C31DB703}.Debug|Any CPU.Build.0 = Debug|Win32
		{36029787-A6CD-4601-9EA1-AF29C31DB703}.Debug|x64.ActiveCfg = Debug|Win32
		{36029787-A6CD-4601-9EA1-AF29C31DB703}.Debug|x64.Build.0 = Debug|Win32
		{36029787-A6CD-4601-9EA1-AF29C31DB703}.Debug|x86.ActiveCfg = Debug|Win32
		{36029787-A6CD-4601-9EA1-AF29C31DB703}.Debug|x86.Build.0 = Debug|Win32
		{36029787-A6CD-4601-9EA1-AF29C31DB703}.Release|Any CPU.ActiveCfg = Release|Win32
		{36029787-A6CD-4601-9EA1-AF29C31DB703}.Release|Any CPU.Build.0 = Release|Win32
		{36029787-A6CD-4601-9EA1-AF29C31DB703}.Release|x64.ActiveCfg = Release|Win32
		{36029787-A6CD-4601-9EA1-AF29C31DB703}.Release|x64.Build.0 = Release|Win32
		{36029787-A6CD-4601-9EA1-AF29C31DB703}.Release|x86.ActiveCfg = Release|Win32
		{36029787-A6CD-4601-9EA1-AF29C31DB703}.Release|x86.Build.0 = Release|Win32
		{145A24D8-C7A0-4CEF-B36F-3FE305647C41}.Debug|Any CPU.ActiveCfg = Debug|Win32
		{145A24D8-C7A0-4CEF-B36F-3FE305647C41}.Debug|Any CPU.Build.0 = Debug|Win32
		{145A24D8-C7A0-4CEF-B36F-3FE305647C41}.Debug|x64.ActiveCfg = Debug|Win32
		{145A24D8-C7A0-4CEF-B36F-3FE305647C41}.Debug|x64.Build.0 = Debug|Win32
		{145A24D8-C7A0-4CEF-B36F-3FE305647C41}.Debug|x86.ActiveCfg = Debug|Win32
		{145A24D8-C7A0-4CEF-B36F-3FE305647C41}.Debug|x86.Build.0 = Debug|Win32
		{145A24D8-C7A0-4CEF-B36F-3FE305647C41}.Release|Any CPU.ActiveCfg = Release|Win32
		{145A24D8-C7A0-4CEF-B36F-3FE305647C41}.Release|Any CPU.Build.0 = Release|Win32
		{145A24D8-C7A0-4CEF-B36F-3FE305647C41}.Release|x64.ActiveCfg = Release|Win32
		{145A24D8-C7A0-4CEF-B36F-3FE305647C41}.Release|x64.Build.0 = Release|Win32
		{145A24D8-C7A0-4CEF-B36F-3FE305647C41}.Release|x86.ActiveCfg = Release|Win32
		{145A24D8-C7A0-4CEF-B36F-3FE305647C41}.Release|x86.Build.0 = Release|Win32
		{63E421A1-E3C5-4A75-9117-B34D478F2904}.Debug|Any CPU.ActiveCfg = Debug|Win32
		{63E421A1-E3C5-4A75-9117-B34D478F2904}.Debug|Any CPU.Build.0 = Debug|Win32
		{63E421A1-E3C5-4A75-9117-B34D478F2904}.Debug|x64.ActiveCfg = Debug|Win32
		{63E421A1-E3C5-4A75-9117-B34D478F2904}.Debug|x64.Build.0 = Debug|Win32
		{63E421A1-E3C5-4A75-9117-B34D478F2904}.Debug|x86.ActiveCfg = Debug|Win32
		{63E421A1-E3C5-4A75-9117-B34D478F2904}.Debug|x86.Build.0 = Debug|Win32
		{63E421A1-E3C5-4A75-9117-B34D478F2904}.Release|Any CPU.ActiveCfg = Release|Win32
		{63E421A1-E3C5-4A75-9117-B34D478F2904}.Release|Any CPU.Build.0 = Release|Win32
		{63E421A1-E3C5-4A75-9117-B34D478F2904}.Release|x64.ActiveCfg = Release|Win32
		{63E421A1-E3C5-4A75-9117-B34D478F2904}.Release|x64.Build.0 = Release|Win32
		{63E421A1-E3C5-4A75-9117-B34D478F2904}.Release|x86.ActiveCfg = Release|Win32
		{63E421A1-E3C5-4A75-9117-B34D478F2904}.Release|x86.Build.0 = Release|Win32
		{91529214-4D38-4F1B-AFD9-A9D3535B5D3E}.Debug|Any CPU.ActiveCfg = Debug|Any CPU
		{91529214-4D38-4F1B-AFD9-A9D3535B5D3E}.Debug|Any CPU.Build.0 = Debug|Any CPU
		{91529214-4D38-4F1B-AFD9-A9D3535B5D3E}.Debug|x64.ActiveCfg = Debug|Any CPU
		{91529214-4D38-4F1B-AFD9-A9D3535B5D3E}.Debug|x64.Build.0 = Debug|Any CPU
		{91529214-4D38-4F1B-AFD9-A9D3535B5D3E}.Debug|x86.ActiveCfg = Debug|Any CPU
		{91529214-4D38-4F1B-AFD9-A9D3535B5D3E}.Debug|x86.Build.0 = Debug|Any CPU
		{91529214-4D38-4F1B-AFD9-A9D3535B5D3E}.Release|Any CPU.ActiveCfg = Release|Any CPU
		{91529214-4D38-4F1B-AFD9-A9D3535B5D3E}.Release|Any CPU.Build.0 = Release|Any CPU
		{91529214-4D38-4F1B-AFD9-A9D3535B5D3E}.Release|x64.ActiveCfg = Release|Any CPU
		{91529214-4D38-4F1B-AFD9-A9D3535B5D3E}.Release|x64.Build.0 = Release|Any CPU
		{91529214-4D38-4F1B-AFD9-A9D3535B5D3E}.Release|x86.ActiveCfg = Release|Any CPU
		{91529214-4D38-4F1B-AFD9-A9D3535B5D3E}.Release|x86.Build.0 = Release|Any CPU
		{714B8C6D-ADAD-4586-BC04-796152C44FFF}.Debug|Any CPU.ActiveCfg = Debug|Any CPU
		{714B8C6D-ADAD-4586-BC04-796152C44FFF}.Debug|Any CPU.Build.0 = Debug|Any CPU
		{714B8C6D-ADAD-4586-BC04-796152C44FFF}.Debug|x64.ActiveCfg = Debug|Any CPU
		{714B8C6D-ADAD-4586-BC04-796152C44FFF}.Debug|x64.Build.0 = Debug|Any CPU
		{714B8C6D-ADAD-4586-BC04-796152C44FFF}.Debug|x86.ActiveCfg = Debug|Any CPU
		{714B8C6D-ADAD-4586-BC04-796152C44FFF}.Debug|x86.Build.0 = Debug|Any CPU
		{714B8C6D-ADAD-4586-BC04-796152C44FFF}.Release|Any CPU.ActiveCfg = Release|Any CPU
		{714B8C6D-ADAD-4586-BC04-796152C44FFF}.Release|Any CPU.Build.0 = Release|Any CPU
		{714B8C6D-ADAD-4586-BC04-796152C44FFF}.Release|x64.ActiveCfg = Release|Any CPU
		{714B8C6D-ADAD-4586-BC04-796152C44FFF}.Release|x64.Build.0 = Release|Any CPU
		{714B8C6D-ADAD-4586-BC04-796152C44FFF}.Release|x86.ActiveCfg = Release|Any CPU
		{714B8C6D-ADAD-4586-BC04-796152C44FFF}.Release|x86.Build.0 = Release|Any CPU
		{B999F7F1-489B-4471-9FBD-99756D824E38}.Debug|Any CPU.ActiveCfg = Debug|Any CPU
		{B999F7F1-489B-4471-9FBD-99756D824E38}.Debug|Any CPU.Build.0 = Debug|Any CPU
		{B999F7F1-489B-4471-9FBD-99756D824E38}.Debug|x64.ActiveCfg = Debug|Any CPU
		{B999F7F1-489B-4471-9FBD-99756D824E38}.Debug|x64.Build.0 = Debug|Any CPU
		{B999F7F1-489B-4471-9FBD-99756D824E38}.Debug|x86.ActiveCfg = Debug|Any CPU
		{B999F7F1-489B-4471-9FBD-99756D824E38}.Debug|x86.Build.0 = Debug|Any CPU
		{B999F7F1-489B-4471-9FBD-99756D824E38}.Release|Any CPU.ActiveCfg = Release|Any CPU
		{B999F7F1-489B-4471-9FBD-99756D824E38}.Release|Any CPU.Build.0 = Release|Any CPU
		{B999F7F1-489B-4471-9FBD-99756D824E38}.Release|x64.ActiveCfg = Release|Any CPU
		{B999F7F1-489B-4471-9FBD-99756D824E38}.Release|x64.Build.0 = Release|Any CPU
		{B999F7F1-489B-4471-9FBD-99756D824E38}.Release|x86.ActiveCfg = Release|Any CPU
		{B999F7F1-489B-4471-9FBD-99756D824E38}.Release|x86.Build.0 = Release|Any CPU
		{DA2192AF-502E-481B-BE5D-AD9690F75E8D}.Debug|Any CPU.ActiveCfg = Debug|Any CPU
		{DA2192AF-502E-481B-BE5D-AD9690F75E8D}.Debug|Any CPU.Build.0 = Debug|Any CPU
		{DA2192AF-502E-481B-BE5D-AD9690F75E8D}.Debug|x64.ActiveCfg = Debug|Any CPU
		{DA2192AF-502E-481B-BE5D-AD9690F75E8D}.Debug|x64.Build.0 = Debug|Any CPU
		{DA2192AF-502E-481B-BE5D-AD9690F75E8D}.Debug|x86.ActiveCfg = Debug|Any CPU
		{DA2192AF-502E-481B-BE5D-AD9690F75E8D}.Debug|x86.Build.0 = Debug|Any CPU
		{DA2192AF-502E-481B-BE5D-AD9690F75E8D}.Release|Any CPU.ActiveCfg = Release|Any CPU
		{DA2192AF-502E-481B-BE5D-AD9690F75E8D}.Release|Any CPU.Build.0 = Release|Any CPU
		{DA2192AF-502E-481B-BE5D-AD9690F75E8D}.Release|x64.ActiveCfg = Release|Any CPU
		{DA2192AF-502E-481B-BE5D-AD9690F75E8D}.Release|x64.Build.0 = Release|Any CPU
		{DA2192AF-502E-481B-BE5D-AD9690F75E8D}.Release|x86.ActiveCfg = Release|Any CPU
		{DA2192AF-502E-481B-BE5D-AD9690F75E8D}.Release|x86.Build.0 = Release|Any CPU
		{1DEF782B-D799-4D5D-B13C-E37521EABB22}.Debug|Any CPU.ActiveCfg = Debug|Any CPU
		{1DEF782B-D799-4D5D-B13C-E37521EABB22}.Debug|Any CPU.Build.0 = Debug|Any CPU
		{1DEF782B-D799-4D5D-B13C-E37521EABB22}.Debug|x64.ActiveCfg = Debug|Any CPU
		{1DEF782B-D799-4D5D-B13C-E37521EABB22}.Debug|x64.Build.0 = Debug|Any CPU
		{1DEF782B-D799-4D5D-B13C-E37521EABB22}.Debug|x86.ActiveCfg = Debug|Any CPU
		{1DEF782B-D799-4D5D-B13C-E37521EABB22}.Debug|x86.Build.0 = Debug|Any CPU
		{1DEF782B-D799-4D5D-B13C-E37521EABB22}.Release|Any CPU.ActiveCfg = Release|Any CPU
		{1DEF782B-D799-4D5D-B13C-E37521EABB22}.Release|Any CPU.Build.0 = Release|Any CPU
		{1DEF782B-D799-4D5D-B13C-E37521EABB22}.Release|x64.ActiveCfg = Release|Any CPU
		{1DEF782B-D799-4D5D-B13C-E37521EABB22}.Release|x64.Build.0 = Release|Any CPU
		{1DEF782B-D799-4D5D-B13C-E37521EABB22}.Release|x86.ActiveCfg = Release|Any CPU
		{1DEF782B-D799-4D5D-B13C-E37521EABB22}.Release|x86.Build.0 = Release|Any CPU
		{1F0F06B5-1492-446F-9B1A-91E57480047F}.Debug|Any CPU.ActiveCfg = Debug|Any CPU
		{1F0F06B5-1492-446F-9B1A-91E57480047F}.Debug|Any CPU.Build.0 = Debug|Any CPU
		{1F0F06B5-1492-446F-9B1A-91E57480047F}.Debug|x64.ActiveCfg = Debug|Any CPU
		{1F0F06B5-1492-446F-9B1A-91E57480047F}.Debug|x64.Build.0 = Debug|Any CPU
		{1F0F06B5-1492-446F-9B1A-91E57480047F}.Debug|x86.ActiveCfg = Debug|Any CPU
		{1F0F06B5-1492-446F-9B1A-91E57480047F}.Debug|x86.Build.0 = Debug|Any CPU
		{1F0F06B5-1492-446F-9B1A-91E57480047F}.Release|Any CPU.ActiveCfg = Release|Any CPU
		{1F0F06B5-1492-446F-9B1A-91E57480047F}.Release|Any CPU.Build.0 = Release|Any CPU
		{1F0F06B5-1492-446F-9B1A-91E57480047F}.Release|x64.ActiveCfg = Release|Any CPU
		{1F0F06B5-1492-446F-9B1A-91E57480047F}.Release|x64.Build.0 = Release|Any CPU
		{1F0F06B5-1492-446F-9B1A-91E57480047F}.Release|x86.ActiveCfg = Release|Any CPU
		{1F0F06B5-1492-446F-9B1A-91E57480047F}.Release|x86.Build.0 = Release|Any CPU
		{68A3D373-B8DF-416D-980D-751AAFDFA547}.Debug|Any CPU.ActiveCfg = Debug|Any CPU
		{68A3D373-B8DF-416D-980D-751AAFDFA547}.Debug|Any CPU.Build.0 = Debug|Any CPU
		{68A3D373-B8DF-416D-980D-751AAFDFA547}.Debug|x64.ActiveCfg = Debug|Any CPU
		{68A3D373-B8DF-416D-980D-751AAFDFA547}.Debug|x64.Build.0 = Debug|Any CPU
		{68A3D373-B8DF-416D-980D-751AAFDFA547}.Debug|x86.ActiveCfg = Debug|Any CPU
		{68A3D373-B8DF-416D-980D-751AAFDFA547}.Debug|x86.Build.0 = Debug|Any CPU
		{68A3D373-B8DF-416D-980D-751AAFDFA547}.Release|Any CPU.ActiveCfg = Release|Any CPU
		{68A3D373-B8DF-416D-980D-751AAFDFA547}.Release|Any CPU.Build.0 = Release|Any CPU
		{68A3D373-B8DF-416D-980D-751AAFDFA547}.Release|x64.ActiveCfg = Release|Any CPU
		{68A3D373-B8DF-416D-980D-751AAFDFA547}.Release|x64.Build.0 = Release|Any CPU
		{68A3D373-B8DF-416D-980D-751AAFDFA547}.Release|x86.ActiveCfg = Release|Any CPU
		{68A3D373-B8DF-416D-980D-751AAFDFA547}.Release|x86.Build.0 = Release|Any CPU
		{37199F2A-83A6-48BE-AA45-1841C34CC07E}.Debug|Any CPU.ActiveCfg = Debug|Any CPU
		{37199F2A-83A6-48BE-AA45-1841C34CC07E}.Debug|Any CPU.Build.0 = Debug|Any CPU
		{37199F2A-83A6-48BE-AA45-1841C34CC07E}.Debug|x64.ActiveCfg = Debug|Any CPU
		{37199F2A-83A6-48BE-AA45-1841C34CC07E}.Debug|x64.Build.0 = Debug|Any CPU
		{37199F2A-83A6-48BE-AA45-1841C34CC07E}.Debug|x86.ActiveCfg = Debug|Any CPU
		{37199F2A-83A6-48BE-AA45-1841C34CC07E}.Debug|x86.Build.0 = Debug|Any CPU
		{37199F2A-83A6-48BE-AA45-1841C34CC07E}.Release|Any CPU.ActiveCfg = Release|Any CPU
		{37199F2A-83A6-48BE-AA45-1841C34CC07E}.Release|Any CPU.Build.0 = Release|Any CPU
		{37199F2A-83A6-48BE-AA45-1841C34CC07E}.Release|x64.ActiveCfg = Release|Any CPU
		{37199F2A-83A6-48BE-AA45-1841C34CC07E}.Release|x64.Build.0 = Release|Any CPU
		{37199F2A-83A6-48BE-AA45-1841C34CC07E}.Release|x86.ActiveCfg = Release|Any CPU
		{37199F2A-83A6-48BE-AA45-1841C34CC07E}.Release|x86.Build.0 = Release|Any CPU
		{23B8CC31-D91C-4088-92D6-774FED9928F3}.Debug|Any CPU.ActiveCfg = Debug|Any CPU
		{23B8CC31-D91C-4088-92D6-774FED9928F3}.Debug|Any CPU.Build.0 = Debug|Any CPU
		{23B8CC31-D91C-4088-92D6-774FED9928F3}.Debug|x64.ActiveCfg = Debug|Any CPU
		{23B8CC31-D91C-4088-92D6-774FED9928F3}.Debug|x64.Build.0 = Debug|Any CPU
		{23B8CC31-D91C-4088-92D6-774FED9928F3}.Debug|x86.ActiveCfg = Debug|Any CPU
		{23B8CC31-D91C-4088-92D6-774FED9928F3}.Debug|x86.Build.0 = Debug|Any CPU
		{23B8CC31-D91C-4088-92D6-774FED9928F3}.Release|Any CPU.ActiveCfg = Release|Any CPU
		{23B8CC31-D91C-4088-92D6-774FED9928F3}.Release|Any CPU.Build.0 = Release|Any CPU
		{23B8CC31-D91C-4088-92D6-774FED9928F3}.Release|x64.ActiveCfg = Release|Any CPU
		{23B8CC31-D91C-4088-92D6-774FED9928F3}.Release|x64.Build.0 = Release|Any CPU
		{23B8CC31-D91C-4088-92D6-774FED9928F3}.Release|x86.ActiveCfg = Release|Any CPU
		{23B8CC31-D91C-4088-92D6-774FED9928F3}.Release|x86.Build.0 = Release|Any CPU
		{6F52A3FC-DB4B-45EF-A610-85FC733A9388}.Debug|Any CPU.ActiveCfg = Debug|Any CPU
		{6F52A3FC-DB4B-45EF-A610-85FC733A9388}.Debug|Any CPU.Build.0 = Debug|Any CPU
		{6F52A3FC-DB4B-45EF-A610-85FC733A9388}.Debug|x64.ActiveCfg = Debug|Any CPU
		{6F52A3FC-DB4B-45EF-A610-85FC733A9388}.Debug|x64.Build.0 = Debug|Any CPU
		{6F52A3FC-DB4B-45EF-A610-85FC733A9388}.Debug|x86.ActiveCfg = Debug|Any CPU
		{6F52A3FC-DB4B-45EF-A610-85FC733A9388}.Debug|x86.Build.0 = Debug|Any CPU
		{6F52A3FC-DB4B-45EF-A610-85FC733A9388}.Release|Any CPU.ActiveCfg = Release|Any CPU
		{6F52A3FC-DB4B-45EF-A610-85FC733A9388}.Release|Any CPU.Build.0 = Release|Any CPU
		{6F52A3FC-DB4B-45EF-A610-85FC733A9388}.Release|x64.ActiveCfg = Release|Any CPU
		{6F52A3FC-DB4B-45EF-A610-85FC733A9388}.Release|x64.Build.0 = Release|Any CPU
		{6F52A3FC-DB4B-45EF-A610-85FC733A9388}.Release|x86.ActiveCfg = Release|Any CPU
		{6F52A3FC-DB4B-45EF-A610-85FC733A9388}.Release|x86.Build.0 = Release|Any CPU
		{B229843F-C773-456F-9524-3D22BFC65DF0}.Debug|Any CPU.ActiveCfg = Debug|Any CPU
		{B229843F-C773-456F-9524-3D22BFC65DF0}.Debug|Any CPU.Build.0 = Debug|Any CPU
		{B229843F-C773-456F-9524-3D22BFC65DF0}.Debug|x64.ActiveCfg = Debug|Any CPU
		{B229843F-C773-456F-9524-3D22BFC65DF0}.Debug|x64.Build.0 = Debug|Any CPU
		{B229843F-C773-456F-9524-3D22BFC65DF0}.Debug|x86.ActiveCfg = Debug|Any CPU
		{B229843F-C773-456F-9524-3D22BFC65DF0}.Debug|x86.Build.0 = Debug|Any CPU
		{B229843F-C773-456F-9524-3D22BFC65DF0}.Release|Any CPU.ActiveCfg = Release|Any CPU
		{B229843F-C773-456F-9524-3D22BFC65DF0}.Release|Any CPU.Build.0 = Release|Any CPU
		{B229843F-C773-456F-9524-3D22BFC65DF0}.Release|x64.ActiveCfg = Release|Any CPU
		{B229843F-C773-456F-9524-3D22BFC65DF0}.Release|x64.Build.0 = Release|Any CPU
		{B229843F-C773-456F-9524-3D22BFC65DF0}.Release|x86.ActiveCfg = Release|Any CPU
		{B229843F-C773-456F-9524-3D22BFC65DF0}.Release|x86.Build.0 = Release|Any CPU
		{3A4FA5EF-6D1C-48BD-89F0-B648FC3FABC7}.Debug|Any CPU.ActiveCfg = Debug|Any CPU
		{3A4FA5EF-6D1C-48BD-89F0-B648FC3FABC7}.Debug|Any CPU.Build.0 = Debug|Any CPU
		{3A4FA5EF-6D1C-48BD-89F0-B648FC3FABC7}.Debug|x64.ActiveCfg = Debug|Any CPU
		{3A4FA5EF-6D1C-48BD-89F0-B648FC3FABC7}.Debug|x64.Build.0 = Debug|Any CPU
		{3A4FA5EF-6D1C-48BD-89F0-B648FC3FABC7}.Debug|x86.ActiveCfg = Debug|Any CPU
		{3A4FA5EF-6D1C-48BD-89F0-B648FC3FABC7}.Debug|x86.Build.0 = Debug|Any CPU
		{3A4FA5EF-6D1C-48BD-89F0-B648FC3FABC7}.Release|Any CPU.ActiveCfg = Release|Any CPU
		{3A4FA5EF-6D1C-48BD-89F0-B648FC3FABC7}.Release|Any CPU.Build.0 = Release|Any CPU
		{3A4FA5EF-6D1C-48BD-89F0-B648FC3FABC7}.Release|x64.ActiveCfg = Release|Any CPU
		{3A4FA5EF-6D1C-48BD-89F0-B648FC3FABC7}.Release|x64.Build.0 = Release|Any CPU
		{3A4FA5EF-6D1C-48BD-89F0-B648FC3FABC7}.Release|x86.ActiveCfg = Release|Any CPU
		{3A4FA5EF-6D1C-48BD-89F0-B648FC3FABC7}.Release|x86.Build.0 = Release|Any CPU
		{E79D9C7F-F5D7-46F5-BCAC-627F5882CEDC}.Debug|Any CPU.ActiveCfg = Debug|Any CPU
		{E79D9C7F-F5D7-46F5-BCAC-627F5882CEDC}.Debug|Any CPU.Build.0 = Debug|Any CPU
		{E79D9C7F-F5D7-46F5-BCAC-627F5882CEDC}.Debug|x64.ActiveCfg = Debug|Any CPU
		{E79D9C7F-F5D7-46F5-BCAC-627F5882CEDC}.Debug|x64.Build.0 = Debug|Any CPU
		{E79D9C7F-F5D7-46F5-BCAC-627F5882CEDC}.Debug|x86.ActiveCfg = Debug|Any CPU
		{E79D9C7F-F5D7-46F5-BCAC-627F5882CEDC}.Debug|x86.Build.0 = Debug|Any CPU
		{E79D9C7F-F5D7-46F5-BCAC-627F5882CEDC}.Release|Any CPU.ActiveCfg = Release|Any CPU
		{E79D9C7F-F5D7-46F5-BCAC-627F5882CEDC}.Release|Any CPU.Build.0 = Release|Any CPU
		{E79D9C7F-F5D7-46F5-BCAC-627F5882CEDC}.Release|x64.ActiveCfg = Release|Any CPU
		{E79D9C7F-F5D7-46F5-BCAC-627F5882CEDC}.Release|x64.Build.0 = Release|Any CPU
		{E79D9C7F-F5D7-46F5-BCAC-627F5882CEDC}.Release|x86.ActiveCfg = Release|Any CPU
		{E79D9C7F-F5D7-46F5-BCAC-627F5882CEDC}.Release|x86.Build.0 = Release|Any CPU
		{3B8CC528-2D88-40F8-A02E-CD74EE516366}.Debug|Any CPU.ActiveCfg = Debug|Any CPU
		{3B8CC528-2D88-40F8-A02E-CD74EE516366}.Debug|Any CPU.Build.0 = Debug|Any CPU
		{3B8CC528-2D88-40F8-A02E-CD74EE516366}.Debug|x64.ActiveCfg = Debug|Any CPU
		{3B8CC528-2D88-40F8-A02E-CD74EE516366}.Debug|x64.Build.0 = Debug|Any CPU
		{3B8CC528-2D88-40F8-A02E-CD74EE516366}.Debug|x86.ActiveCfg = Debug|Any CPU
		{3B8CC528-2D88-40F8-A02E-CD74EE516366}.Debug|x86.Build.0 = Debug|Any CPU
		{3B8CC528-2D88-40F8-A02E-CD74EE516366}.Release|Any CPU.ActiveCfg = Release|Any CPU
		{3B8CC528-2D88-40F8-A02E-CD74EE516366}.Release|Any CPU.Build.0 = Release|Any CPU
		{3B8CC528-2D88-40F8-A02E-CD74EE516366}.Release|x64.ActiveCfg = Release|Any CPU
		{3B8CC528-2D88-40F8-A02E-CD74EE516366}.Release|x64.Build.0 = Release|Any CPU
		{3B8CC528-2D88-40F8-A02E-CD74EE516366}.Release|x86.ActiveCfg = Release|Any CPU
		{3B8CC528-2D88-40F8-A02E-CD74EE516366}.Release|x86.Build.0 = Release|Any CPU
		{83B820A2-4E89-4697-B1A4-1591B9E5AEA9}.Debug|Any CPU.ActiveCfg = Debug|Any CPU
		{83B820A2-4E89-4697-B1A4-1591B9E5AEA9}.Debug|Any CPU.Build.0 = Debug|Any CPU
		{83B820A2-4E89-4697-B1A4-1591B9E5AEA9}.Debug|x64.ActiveCfg = Debug|Any CPU
		{83B820A2-4E89-4697-B1A4-1591B9E5AEA9}.Debug|x64.Build.0 = Debug|Any CPU
		{83B820A2-4E89-4697-B1A4-1591B9E5AEA9}.Debug|x86.ActiveCfg = Debug|Any CPU
		{83B820A2-4E89-4697-B1A4-1591B9E5AEA9}.Debug|x86.Build.0 = Debug|Any CPU
		{83B820A2-4E89-4697-B1A4-1591B9E5AEA9}.Release|Any CPU.ActiveCfg = Release|Any CPU
		{83B820A2-4E89-4697-B1A4-1591B9E5AEA9}.Release|Any CPU.Build.0 = Release|Any CPU
		{83B820A2-4E89-4697-B1A4-1591B9E5AEA9}.Release|x64.ActiveCfg = Release|Any CPU
		{83B820A2-4E89-4697-B1A4-1591B9E5AEA9}.Release|x64.Build.0 = Release|Any CPU
		{83B820A2-4E89-4697-B1A4-1591B9E5AEA9}.Release|x86.ActiveCfg = Release|Any CPU
		{83B820A2-4E89-4697-B1A4-1591B9E5AEA9}.Release|x86.Build.0 = Release|Any CPU
		{1819E7B0-6582-4E15-A11A-EB460BF6577B}.Debug|Any CPU.ActiveCfg = Debug|Any CPU
		{1819E7B0-6582-4E15-A11A-EB460BF6577B}.Debug|Any CPU.Build.0 = Debug|Any CPU
		{1819E7B0-6582-4E15-A11A-EB460BF6577B}.Debug|x64.ActiveCfg = Debug|Any CPU
		{1819E7B0-6582-4E15-A11A-EB460BF6577B}.Debug|x64.Build.0 = Debug|Any CPU
		{1819E7B0-6582-4E15-A11A-EB460BF6577B}.Debug|x86.ActiveCfg = Debug|Any CPU
		{1819E7B0-6582-4E15-A11A-EB460BF6577B}.Debug|x86.Build.0 = Debug|Any CPU
		{1819E7B0-6582-4E15-A11A-EB460BF6577B}.Release|Any CPU.ActiveCfg = Release|Any CPU
		{1819E7B0-6582-4E15-A11A-EB460BF6577B}.Release|Any CPU.Build.0 = Release|Any CPU
		{1819E7B0-6582-4E15-A11A-EB460BF6577B}.Release|x64.ActiveCfg = Release|Any CPU
		{1819E7B0-6582-4E15-A11A-EB460BF6577B}.Release|x64.Build.0 = Release|Any CPU
		{1819E7B0-6582-4E15-A11A-EB460BF6577B}.Release|x86.ActiveCfg = Release|Any CPU
		{1819E7B0-6582-4E15-A11A-EB460BF6577B}.Release|x86.Build.0 = Release|Any CPU
		{33C258CD-341F-4A77-805E-EF6B17C4D09F}.Debug|Any CPU.ActiveCfg = Debug|Any CPU
		{33C258CD-341F-4A77-805E-EF6B17C4D09F}.Debug|Any CPU.Build.0 = Debug|Any CPU
		{33C258CD-341F-4A77-805E-EF6B17C4D09F}.Debug|x64.ActiveCfg = Debug|Any CPU
		{33C258CD-341F-4A77-805E-EF6B17C4D09F}.Debug|x64.Build.0 = Debug|Any CPU
		{33C258CD-341F-4A77-805E-EF6B17C4D09F}.Debug|x86.ActiveCfg = Debug|Any CPU
		{33C258CD-341F-4A77-805E-EF6B17C4D09F}.Debug|x86.Build.0 = Debug|Any CPU
		{33C258CD-341F-4A77-805E-EF6B17C4D09F}.Release|Any CPU.ActiveCfg = Release|Any CPU
		{33C258CD-341F-4A77-805E-EF6B17C4D09F}.Release|Any CPU.Build.0 = Release|Any CPU
		{33C258CD-341F-4A77-805E-EF6B17C4D09F}.Release|x64.ActiveCfg = Release|Any CPU
		{33C258CD-341F-4A77-805E-EF6B17C4D09F}.Release|x64.Build.0 = Release|Any CPU
		{33C258CD-341F-4A77-805E-EF6B17C4D09F}.Release|x86.ActiveCfg = Release|Any CPU
		{33C258CD-341F-4A77-805E-EF6B17C4D09F}.Release|x86.Build.0 = Release|Any CPU
		{DAF690F8-FCF0-4A67-83BB-03BC8B19472F}.Debug|Any CPU.ActiveCfg = Debug|Any CPU
		{DAF690F8-FCF0-4A67-83BB-03BC8B19472F}.Debug|Any CPU.Build.0 = Debug|Any CPU
		{DAF690F8-FCF0-4A67-83BB-03BC8B19472F}.Debug|x64.ActiveCfg = Debug|Any CPU
		{DAF690F8-FCF0-4A67-83BB-03BC8B19472F}.Debug|x64.Build.0 = Debug|Any CPU
		{DAF690F8-FCF0-4A67-83BB-03BC8B19472F}.Debug|x86.ActiveCfg = Debug|Any CPU
		{DAF690F8-FCF0-4A67-83BB-03BC8B19472F}.Debug|x86.Build.0 = Debug|Any CPU
		{DAF690F8-FCF0-4A67-83BB-03BC8B19472F}.Release|Any CPU.ActiveCfg = Release|Any CPU
		{DAF690F8-FCF0-4A67-83BB-03BC8B19472F}.Release|Any CPU.Build.0 = Release|Any CPU
		{DAF690F8-FCF0-4A67-83BB-03BC8B19472F}.Release|x64.ActiveCfg = Release|Any CPU
		{DAF690F8-FCF0-4A67-83BB-03BC8B19472F}.Release|x64.Build.0 = Release|Any CPU
		{DAF690F8-FCF0-4A67-83BB-03BC8B19472F}.Release|x86.ActiveCfg = Release|Any CPU
		{DAF690F8-FCF0-4A67-83BB-03BC8B19472F}.Release|x86.Build.0 = Release|Any CPU
		{880BA33B-1E33-421E-B2A7-99FB0FBD139F}.Debug|Any CPU.ActiveCfg = Debug|Any CPU
		{880BA33B-1E33-421E-B2A7-99FB0FBD139F}.Debug|Any CPU.Build.0 = Debug|Any CPU
		{880BA33B-1E33-421E-B2A7-99FB0FBD139F}.Debug|x64.ActiveCfg = Debug|Any CPU
		{880BA33B-1E33-421E-B2A7-99FB0FBD139F}.Debug|x64.Build.0 = Debug|Any CPU
		{880BA33B-1E33-421E-B2A7-99FB0FBD139F}.Debug|x86.ActiveCfg = Debug|Any CPU
		{880BA33B-1E33-421E-B2A7-99FB0FBD139F}.Debug|x86.Build.0 = Debug|Any CPU
		{880BA33B-1E33-421E-B2A7-99FB0FBD139F}.Release|Any CPU.ActiveCfg = Release|Any CPU
		{880BA33B-1E33-421E-B2A7-99FB0FBD139F}.Release|Any CPU.Build.0 = Release|Any CPU
		{880BA33B-1E33-421E-B2A7-99FB0FBD139F}.Release|x64.ActiveCfg = Release|Any CPU
		{880BA33B-1E33-421E-B2A7-99FB0FBD139F}.Release|x64.Build.0 = Release|Any CPU
		{880BA33B-1E33-421E-B2A7-99FB0FBD139F}.Release|x86.ActiveCfg = Release|Any CPU
		{880BA33B-1E33-421E-B2A7-99FB0FBD139F}.Release|x86.Build.0 = Release|Any CPU
		{A2850362-C90E-4BE9-B831-C1345BD2E7D1}.Debug|Any CPU.ActiveCfg = Debug|Any CPU
		{A2850362-C90E-4BE9-B831-C1345BD2E7D1}.Debug|Any CPU.Build.0 = Debug|Any CPU
		{A2850362-C90E-4BE9-B831-C1345BD2E7D1}.Debug|x64.ActiveCfg = Debug|Any CPU
		{A2850362-C90E-4BE9-B831-C1345BD2E7D1}.Debug|x64.Build.0 = Debug|Any CPU
		{A2850362-C90E-4BE9-B831-C1345BD2E7D1}.Debug|x86.ActiveCfg = Debug|Any CPU
		{A2850362-C90E-4BE9-B831-C1345BD2E7D1}.Debug|x86.Build.0 = Debug|Any CPU
		{A2850362-C90E-4BE9-B831-C1345BD2E7D1}.Release|Any CPU.ActiveCfg = Release|Any CPU
		{A2850362-C90E-4BE9-B831-C1345BD2E7D1}.Release|Any CPU.Build.0 = Release|Any CPU
		{A2850362-C90E-4BE9-B831-C1345BD2E7D1}.Release|x64.ActiveCfg = Release|Any CPU
		{A2850362-C90E-4BE9-B831-C1345BD2E7D1}.Release|x64.Build.0 = Release|Any CPU
		{A2850362-C90E-4BE9-B831-C1345BD2E7D1}.Release|x86.ActiveCfg = Release|Any CPU
		{A2850362-C90E-4BE9-B831-C1345BD2E7D1}.Release|x86.Build.0 = Release|Any CPU
		{70499128-C9BC-4A83-8331-1BFEF3BC3AEC}.Debug|Any CPU.ActiveCfg = Debug|Any CPU
		{70499128-C9BC-4A83-8331-1BFEF3BC3AEC}.Debug|Any CPU.Build.0 = Debug|Any CPU
		{70499128-C9BC-4A83-8331-1BFEF3BC3AEC}.Debug|x64.ActiveCfg = Debug|Any CPU
		{70499128-C9BC-4A83-8331-1BFEF3BC3AEC}.Debug|x64.Build.0 = Debug|Any CPU
		{70499128-C9BC-4A83-8331-1BFEF3BC3AEC}.Debug|x86.ActiveCfg = Debug|Any CPU
		{70499128-C9BC-4A83-8331-1BFEF3BC3AEC}.Debug|x86.Build.0 = Debug|Any CPU
		{70499128-C9BC-4A83-8331-1BFEF3BC3AEC}.Release|Any CPU.ActiveCfg = Release|Any CPU
		{70499128-C9BC-4A83-8331-1BFEF3BC3AEC}.Release|Any CPU.Build.0 = Release|Any CPU
		{70499128-C9BC-4A83-8331-1BFEF3BC3AEC}.Release|x64.ActiveCfg = Release|Any CPU
		{70499128-C9BC-4A83-8331-1BFEF3BC3AEC}.Release|x64.Build.0 = Release|Any CPU
		{70499128-C9BC-4A83-8331-1BFEF3BC3AEC}.Release|x86.ActiveCfg = Release|Any CPU
		{70499128-C9BC-4A83-8331-1BFEF3BC3AEC}.Release|x86.Build.0 = Release|Any CPU
		{7FED6267-FA98-4F56-AF7A-05F8A1554623}.Debug|Any CPU.ActiveCfg = Debug|Any CPU
		{7FED6267-FA98-4F56-AF7A-05F8A1554623}.Debug|Any CPU.Build.0 = Debug|Any CPU
		{7FED6267-FA98-4F56-AF7A-05F8A1554623}.Debug|x64.ActiveCfg = Debug|Any CPU
		{7FED6267-FA98-4F56-AF7A-05F8A1554623}.Debug|x64.Build.0 = Debug|Any CPU
		{7FED6267-FA98-4F56-AF7A-05F8A1554623}.Debug|x86.ActiveCfg = Debug|Any CPU
		{7FED6267-FA98-4F56-AF7A-05F8A1554623}.Debug|x86.Build.0 = Debug|Any CPU
		{7FED6267-FA98-4F56-AF7A-05F8A1554623}.Release|Any CPU.ActiveCfg = Release|Any CPU
		{7FED6267-FA98-4F56-AF7A-05F8A1554623}.Release|Any CPU.Build.0 = Release|Any CPU
		{7FED6267-FA98-4F56-AF7A-05F8A1554623}.Release|x64.ActiveCfg = Release|Any CPU
		{7FED6267-FA98-4F56-AF7A-05F8A1554623}.Release|x64.Build.0 = Release|Any CPU
		{7FED6267-FA98-4F56-AF7A-05F8A1554623}.Release|x86.ActiveCfg = Release|Any CPU
		{7FED6267-FA98-4F56-AF7A-05F8A1554623}.Release|x86.Build.0 = Release|Any CPU
		{5D7E5B8C-BF19-4A32-87CC-E8571AB48683}.Debug|Any CPU.ActiveCfg = Debug|Any CPU
		{5D7E5B8C-BF19-4A32-87CC-E8571AB48683}.Debug|Any CPU.Build.0 = Debug|Any CPU
		{5D7E5B8C-BF19-4A32-87CC-E8571AB48683}.Debug|x64.ActiveCfg = Debug|Any CPU
		{5D7E5B8C-BF19-4A32-87CC-E8571AB48683}.Debug|x64.Build.0 = Debug|Any CPU
		{5D7E5B8C-BF19-4A32-87CC-E8571AB48683}.Debug|x86.ActiveCfg = Debug|Any CPU
		{5D7E5B8C-BF19-4A32-87CC-E8571AB48683}.Debug|x86.Build.0 = Debug|Any CPU
		{5D7E5B8C-BF19-4A32-87CC-E8571AB48683}.Release|Any CPU.ActiveCfg = Release|Any CPU
		{5D7E5B8C-BF19-4A32-87CC-E8571AB48683}.Release|Any CPU.Build.0 = Release|Any CPU
		{5D7E5B8C-BF19-4A32-87CC-E8571AB48683}.Release|x64.ActiveCfg = Release|Any CPU
		{5D7E5B8C-BF19-4A32-87CC-E8571AB48683}.Release|x64.Build.0 = Release|Any CPU
		{5D7E5B8C-BF19-4A32-87CC-E8571AB48683}.Release|x86.ActiveCfg = Release|Any CPU
		{5D7E5B8C-BF19-4A32-87CC-E8571AB48683}.Release|x86.Build.0 = Release|Any CPU
		{7981C7B9-AD01-4009-966B-D8D85B7270C1}.Debug|Any CPU.ActiveCfg = Debug|Win32
		{7981C7B9-AD01-4009-966B-D8D85B7270C1}.Debug|x64.ActiveCfg = Debug|x64
		{7981C7B9-AD01-4009-966B-D8D85B7270C1}.Debug|x64.Build.0 = Debug|x64
		{7981C7B9-AD01-4009-966B-D8D85B7270C1}.Debug|x86.ActiveCfg = Debug|Win32
		{7981C7B9-AD01-4009-966B-D8D85B7270C1}.Debug|x86.Build.0 = Debug|Win32
		{7981C7B9-AD01-4009-966B-D8D85B7270C1}.Release|Any CPU.ActiveCfg = Release|Win32
		{7981C7B9-AD01-4009-966B-D8D85B7270C1}.Release|x64.ActiveCfg = Release|x64
		{7981C7B9-AD01-4009-966B-D8D85B7270C1}.Release|x64.Build.0 = Release|x64
		{7981C7B9-AD01-4009-966B-D8D85B7270C1}.Release|x86.ActiveCfg = Release|Win32
		{7981C7B9-AD01-4009-966B-D8D85B7270C1}.Release|x86.Build.0 = Release|Win32
		{EF8D33E9-1E54-4659-9431-BAFE865778BF}.Debug|Any CPU.ActiveCfg = Debug|Win32
		{EF8D33E9-1E54-4659-9431-BAFE865778BF}.Debug|x64.ActiveCfg = Debug|x64
		{EF8D33E9-1E54-4659-9431-BAFE865778BF}.Debug|x64.Build.0 = Debug|x64
		{EF8D33E9-1E54-4659-9431-BAFE865778BF}.Debug|x86.ActiveCfg = Debug|Win32
		{EF8D33E9-1E54-4659-9431-BAFE865778BF}.Debug|x86.Build.0 = Debug|Win32
		{EF8D33E9-1E54-4659-9431-BAFE865778BF}.Release|Any CPU.ActiveCfg = Release|Win32
		{EF8D33E9-1E54-4659-9431-BAFE865778BF}.Release|x64.ActiveCfg = Release|x64
		{EF8D33E9-1E54-4659-9431-BAFE865778BF}.Release|x64.Build.0 = Release|x64
		{EF8D33E9-1E54-4659-9431-BAFE865778BF}.Release|x86.ActiveCfg = Release|Win32
		{EF8D33E9-1E54-4659-9431-BAFE865778BF}.Release|x86.Build.0 = Release|Win32
		{370EDC86-C411-4DF3-B239-F8707F0378EB}.Debug|Any CPU.ActiveCfg = Debug|Win32
		{370EDC86-C411-4DF3-B239-F8707F0378EB}.Debug|x64.ActiveCfg = Debug|x64
		{370EDC86-C411-4DF3-B239-F8707F0378EB}.Debug|x64.Build.0 = Debug|x64
		{370EDC86-C411-4DF3-B239-F8707F0378EB}.Debug|x86.ActiveCfg = Debug|Win32
		{370EDC86-C411-4DF3-B239-F8707F0378EB}.Debug|x86.Build.0 = Debug|Win32
		{370EDC86-C411-4DF3-B239-F8707F0378EB}.Release|Any CPU.ActiveCfg = Release|Win32
		{370EDC86-C411-4DF3-B239-F8707F0378EB}.Release|x64.ActiveCfg = Release|x64
		{370EDC86-C411-4DF3-B239-F8707F0378EB}.Release|x64.Build.0 = Release|x64
		{370EDC86-C411-4DF3-B239-F8707F0378EB}.Release|x86.ActiveCfg = Release|Win32
		{370EDC86-C411-4DF3-B239-F8707F0378EB}.Release|x86.Build.0 = Release|Win32
		{E60DC350-AE24-4834-864B-754D6B1C7748}.Debug|Any CPU.ActiveCfg = Debug|Win32
		{E60DC350-AE24-4834-864B-754D6B1C7748}.Debug|x64.ActiveCfg = Debug|x64
		{E60DC350-AE24-4834-864B-754D6B1C7748}.Debug|x64.Build.0 = Debug|x64
		{E60DC350-AE24-4834-864B-754D6B1C7748}.Debug|x86.ActiveCfg = Debug|Win32
		{E60DC350-AE24-4834-864B-754D6B1C7748}.Debug|x86.Build.0 = Debug|Win32
		{E60DC350-AE24-4834-864B-754D6B1C7748}.Release|Any CPU.ActiveCfg = Release|Win32
		{E60DC350-AE24-4834-864B-754D6B1C7748}.Release|x64.ActiveCfg = Release|x64
		{E60DC350-AE24-4834-864B-754D6B1C7748}.Release|x64.Build.0 = Release|x64
		{E60DC350-AE24-4834-864B-754D6B1C7748}.Release|x86.ActiveCfg = Release|Win32
		{E60DC350-AE24-4834-864B-754D6B1C7748}.Release|x86.Build.0 = Release|Win32
		{CEBB70B3-21AC-4C14-833F-FB15C04D187C}.Debug|Any CPU.ActiveCfg = Debug|Win32
		{CEBB70B3-21AC-4C14-833F-FB15C04D187C}.Debug|x64.ActiveCfg = Debug|x64
		{CEBB70B3-21AC-4C14-833F-FB15C04D187C}.Debug|x64.Build.0 = Debug|x64
		{CEBB70B3-21AC-4C14-833F-FB15C04D187C}.Debug|x86.ActiveCfg = Debug|Win32
		{CEBB70B3-21AC-4C14-833F-FB15C04D187C}.Debug|x86.Build.0 = Debug|Win32
		{CEBB70B3-21AC-4C14-833F-FB15C04D187C}.Release|Any CPU.ActiveCfg = Release|Win32
		{CEBB70B3-21AC-4C14-833F-FB15C04D187C}.Release|x64.ActiveCfg = Release|x64
		{CEBB70B3-21AC-4C14-833F-FB15C04D187C}.Release|x64.Build.0 = Release|x64
		{CEBB70B3-21AC-4C14-833F-FB15C04D187C}.Release|x86.ActiveCfg = Release|Win32
		{CEBB70B3-21AC-4C14-833F-FB15C04D187C}.Release|x86.Build.0 = Release|Win32
		{96989C95-DD4A-4EE3-A73A-FB9F049AD368}.Debug|Any CPU.ActiveCfg = Debug|Any CPU
		{96989C95-DD4A-4EE3-A73A-FB9F049AD368}.Debug|Any CPU.Build.0 = Debug|Any CPU
		{96989C95-DD4A-4EE3-A73A-FB9F049AD368}.Debug|x64.ActiveCfg = Debug|Any CPU
		{96989C95-DD4A-4EE3-A73A-FB9F049AD368}.Debug|x64.Build.0 = Debug|Any CPU
		{96989C95-DD4A-4EE3-A73A-FB9F049AD368}.Debug|x86.ActiveCfg = Debug|Any CPU
		{96989C95-DD4A-4EE3-A73A-FB9F049AD368}.Debug|x86.Build.0 = Debug|Any CPU
		{96989C95-DD4A-4EE3-A73A-FB9F049AD368}.Release|Any CPU.ActiveCfg = Release|Any CPU
		{96989C95-DD4A-4EE3-A73A-FB9F049AD368}.Release|Any CPU.Build.0 = Release|Any CPU
		{96989C95-DD4A-4EE3-A73A-FB9F049AD368}.Release|x64.ActiveCfg = Release|Any CPU
		{96989C95-DD4A-4EE3-A73A-FB9F049AD368}.Release|x64.Build.0 = Release|Any CPU
		{96989C95-DD4A-4EE3-A73A-FB9F049AD368}.Release|x86.ActiveCfg = Release|Any CPU
		{96989C95-DD4A-4EE3-A73A-FB9F049AD368}.Release|x86.Build.0 = Release|Any CPU
		{44BF052E-24FB-4878-96E9-9DA188B5EF9B}.Debug|Any CPU.ActiveCfg = Debug|Any CPU
		{44BF052E-24FB-4878-96E9-9DA188B5EF9B}.Debug|Any CPU.Build.0 = Debug|Any CPU
		{44BF052E-24FB-4878-96E9-9DA188B5EF9B}.Debug|x64.ActiveCfg = Debug|Any CPU
		{44BF052E-24FB-4878-96E9-9DA188B5EF9B}.Debug|x64.Build.0 = Debug|Any CPU
		{44BF052E-24FB-4878-96E9-9DA188B5EF9B}.Debug|x86.ActiveCfg = Debug|Any CPU
		{44BF052E-24FB-4878-96E9-9DA188B5EF9B}.Debug|x86.Build.0 = Debug|Any CPU
		{44BF052E-24FB-4878-96E9-9DA188B5EF9B}.Release|Any CPU.ActiveCfg = Release|Any CPU
		{44BF052E-24FB-4878-96E9-9DA188B5EF9B}.Release|Any CPU.Build.0 = Release|Any CPU
		{44BF052E-24FB-4878-96E9-9DA188B5EF9B}.Release|x64.ActiveCfg = Release|Any CPU
		{44BF052E-24FB-4878-96E9-9DA188B5EF9B}.Release|x64.Build.0 = Release|Any CPU
		{44BF052E-24FB-4878-96E9-9DA188B5EF9B}.Release|x86.ActiveCfg = Release|Any CPU
		{44BF052E-24FB-4878-96E9-9DA188B5EF9B}.Release|x86.Build.0 = Release|Any CPU
	EndGlobalSection
	GlobalSection(SolutionProperties) = preSolution
		HideSolutionNode = FALSE
	EndGlobalSection
	GlobalSection(NestedProjects) = preSolution
		{FB5709E2-339E-4E22-B54B-7621537122D8} = {6503D200-3D0B-42AF-A42B-3DBBCF697013}
		{E5E87C69-6B4F-4D68-B655-2BFFF894DE61} = {E4E1C1C6-DEB8-49A4-A999-5F20064F17BD}
		{6160CC62-38CD-4FED-87F7-6E0BA77D2065} = {E4E1C1C6-DEB8-49A4-A999-5F20064F17BD}
		{36029787-A6CD-4601-9EA1-AF29C31DB703} = {E4E1C1C6-DEB8-49A4-A999-5F20064F17BD}
		{145A24D8-C7A0-4CEF-B36F-3FE305647C41} = {E4E1C1C6-DEB8-49A4-A999-5F20064F17BD}
		{63E421A1-E3C5-4A75-9117-B34D478F2904} = {E4E1C1C6-DEB8-49A4-A999-5F20064F17BD}
		{83288336-36A0-477C-9EC0-E3698764A05A} = {F7FEB738-BD1A-4471-B70E-9CC4698068A0}
		{4C5FAB3F-7611-4B27-84A1-853744C7D822} = {F7FEB738-BD1A-4471-B70E-9CC4698068A0}
		{E4E1C1C6-DEB8-49A4-A999-5F20064F17BD} = {6503D200-3D0B-42AF-A42B-3DBBCF697013}
		{91529214-4D38-4F1B-AFD9-A9D3535B5D3E} = {4C5FAB3F-7611-4B27-84A1-853744C7D822}
		{714B8C6D-ADAD-4586-BC04-796152C44FFF} = {4C5FAB3F-7611-4B27-84A1-853744C7D822}
		{B999F7F1-489B-4471-9FBD-99756D824E38} = {4C5FAB3F-7611-4B27-84A1-853744C7D822}
		{DA2192AF-502E-481B-BE5D-AD9690F75E8D} = {4C5FAB3F-7611-4B27-84A1-853744C7D822}
		{1DEF782B-D799-4D5D-B13C-E37521EABB22} = {4C5FAB3F-7611-4B27-84A1-853744C7D822}
		{1F0F06B5-1492-446F-9B1A-91E57480047F} = {83288336-36A0-477C-9EC0-E3698764A05A}
		{68A3D373-B8DF-416D-980D-751AAFDFA547} = {83288336-36A0-477C-9EC0-E3698764A05A}
		{37199F2A-83A6-48BE-AA45-1841C34CC07E} = {83288336-36A0-477C-9EC0-E3698764A05A}
		{23B8CC31-D91C-4088-92D6-774FED9928F3} = {83288336-36A0-477C-9EC0-E3698764A05A}
		{2499A2C4-6C34-46B7-9367-949A6216929B} = {96F336EA-F8C3-41DF-A7FA-B778A96BF9A1}
		{065E43ED-FAB8-42E5-B6B2-B2A92B365031} = {96F336EA-F8C3-41DF-A7FA-B778A96BF9A1}
		{B229843F-C773-456F-9524-3D22BFC65DF0} = {065E43ED-FAB8-42E5-B6B2-B2A92B365031}
		{3A4FA5EF-6D1C-48BD-89F0-B648FC3FABC7} = {065E43ED-FAB8-42E5-B6B2-B2A92B365031}
		{E79D9C7F-F5D7-46F5-BCAC-627F5882CEDC} = {065E43ED-FAB8-42E5-B6B2-B2A92B365031}
		{3B8CC528-2D88-40F8-A02E-CD74EE516366} = {065E43ED-FAB8-42E5-B6B2-B2A92B365031}
		{83B820A2-4E89-4697-B1A4-1591B9E5AEA9} = {065E43ED-FAB8-42E5-B6B2-B2A92B365031}
		{1819E7B0-6582-4E15-A11A-EB460BF6577B} = {2499A2C4-6C34-46B7-9367-949A6216929B}
		{33C258CD-341F-4A77-805E-EF6B17C4D09F} = {2499A2C4-6C34-46B7-9367-949A6216929B}
		{DAF690F8-FCF0-4A67-83BB-03BC8B19472F} = {2499A2C4-6C34-46B7-9367-949A6216929B}
		{880BA33B-1E33-421E-B2A7-99FB0FBD139F} = {2499A2C4-6C34-46B7-9367-949A6216929B}
		{A2850362-C90E-4BE9-B831-C1345BD2E7D1} = {2499A2C4-6C34-46B7-9367-949A6216929B}
		{5D7E5B8C-BF19-4A32-87CC-E8571AB48683} = {2BE3A366-B4A5-44AE-90CE-009735B4A7E6}
		{7981C7B9-AD01-4009-966B-D8D85B7270C1} = {3DF54690-67FD-4D63-81D9-72E1D80ECAD7}
		{EF8D33E9-1E54-4659-9431-BAFE865778BF} = {3DF54690-67FD-4D63-81D9-72E1D80ECAD7}
		{370EDC86-C411-4DF3-B239-F8707F0378EB} = {3DF54690-67FD-4D63-81D9-72E1D80ECAD7}
		{E60DC350-AE24-4834-864B-754D6B1C7748} = {3DF54690-67FD-4D63-81D9-72E1D80ECAD7}
		{CEBB70B3-21AC-4C14-833F-FB15C04D187C} = {3DF54690-67FD-4D63-81D9-72E1D80ECAD7}
		{96989C95-DD4A-4EE3-A73A-FB9F049AD368} = {3DF54690-67FD-4D63-81D9-72E1D80ECAD7}
	EndGlobalSection
EndGlobal
