
Microsoft Visual Studio Solution File, Format Version 12.00
# Visual Studio 14
VisualStudioVersion = 14.0.25420.1
MinimumVisualStudioVersion = 10.0.40219.1
Project("{FAE04EC0-301F-11D3-BF4B-00C04F79EFBC}") = "DllConsumer", "DllConsumer\DllConsumer.csproj", "{DD7331FE-7699-4A69-A937-8B1156C287B6}"
	ProjectSection(ProjectDependencies) = postProject
		{7437436F-DB29-4207-82EC-7B2619DCEBF8} = {7437436F-DB29-4207-82EC-7B2619DCEBF8}
	EndProjectSection
EndProject
Project("{8BC9CEB8-8B4A-11D0-8D11-00A0C91BC942}") = "CComponent", "CComponent\CComponent.vcxproj", "{7437436F-DB29-4207-82EC-7B2619DCEBF8}"
EndProject
Project("{8BC9CEB8-8B4A-11D0-8D11-00A0C91BC942}") = "CDllConsumer", "CDllConsumer\CDllConsumer.vcxproj", "{DCA7479D-7FA8-4634-A104-07FF51235318}"
EndProject
Project("{8BC9CEB8-8B4A-11D0-8D11-00A0C91BC942}") = "TheApi", "TheApi\TheApi.vcxproj", "{910A4FF0-F676-4273-8359-74E138497D79}"
EndProject
Project("{8BC9CEB8-8B4A-11D0-8D11-00A0C91BC942}") = "TheComponent", "TheComponent\TheComponent.vcxproj", "{9532563F-7A27-4479-8A45-00500CC6B592}"
EndProject
Project("{8BC9CEB8-8B4A-11D0-8D11-00A0C91BC942}") = "TheApiConsumer", "TheApiConsumer\TheApiConsumer.vcxproj", "{6221D75E-97E9-414A-9ED2-287259536C93}"
EndProject
Project("{8BC9CEB8-8B4A-11D0-8D11-00A0C91BC942}") = "SharedMem", "SharedMem\SharedMem.vcxproj", "{73D75B9B-6622-402D-9D0B-083B45DA65B5}"
EndProject
Project("{8BC9CEB8-8B4A-11D0-8D11-00A0C91BC942}") = "UseSharedMemA", "UseSharedMemA\UseSharedMemA.vcxproj", "{9490776F-7FA5-4361-95E3-D263AE6A4EF9}"
EndProject
Project("{8BC9CEB8-8B4A-11D0-8D11-00A0C91BC942}") = "UseSharedMemB", "UseSharedMemB\UseSharedMemB.vcxproj", "{B6524123-98CE-42AD-BF3C-AAA4AC1CCD5C}"
EndProject
Project("{8BC9CEB8-8B4A-11D0-8D11-00A0C91BC942}") = "SharedMemApp", "SharedMemApp\SharedMemApp.vcxproj", "{8E6E3B3C-5F95-4AE0-8EF5-4B901B3DC29F}"
EndProject
Global
	GlobalSection(SolutionConfigurationPlatforms) = preSolution
		Debug|Any CPU = Debug|Any CPU
		Debug|x64 = Debug|x64
		Debug|x86 = Debug|x86
		Release|Any CPU = Release|Any CPU
		Release|x64 = Release|x64
		Release|x86 = Release|x86
	EndGlobalSection
	GlobalSection(ProjectConfigurationPlatforms) = postSolution
		{DD7331FE-7699-4A69-A937-8B1156C287B6}.Debug|Any CPU.ActiveCfg = Debug|Any CPU
		{DD7331FE-7699-4A69-A937-8B1156C287B6}.Debug|Any CPU.Build.0 = Debug|Any CPU
		{DD7331FE-7699-4A69-A937-8B1156C287B6}.Debug|x64.ActiveCfg = Debug|Any CPU
		{DD7331FE-7699-4A69-A937-8B1156C287B6}.Debug|x64.Build.0 = Debug|Any CPU
		{DD7331FE-7699-4A69-A937-8B1156C287B6}.Debug|x86.ActiveCfg = Debug|Any CPU
		{DD7331FE-7699-4A69-A937-8B1156C287B6}.Debug|x86.Build.0 = Debug|Any CPU
		{DD7331FE-7699-4A69-A937-8B1156C287B6}.Release|Any CPU.ActiveCfg = Release|Any CPU
		{DD7331FE-7699-4A69-A937-8B1156C287B6}.Release|Any CPU.Build.0 = Release|Any CPU
		{DD7331FE-7699-4A69-A937-8B1156C287B6}.Release|x64.ActiveCfg = Release|Any CPU
		{DD7331FE-7699-4A69-A937-8B1156C287B6}.Release|x64.Build.0 = Release|Any CPU
		{DD7331FE-7699-4A69-A937-8B1156C287B6}.Release|x86.ActiveCfg = Release|Any CPU
		{DD7331FE-7699-4A69-A937-8B1156C287B6}.Release|x86.Build.0 = Release|Any CPU
		{7437436F-DB29-4207-82EC-7B2619DCEBF8}.Debug|Any CPU.ActiveCfg = Debug|Win32
		{7437436F-DB29-4207-82EC-7B2619DCEBF8}.Debug|x64.ActiveCfg = Debug|x64
		{7437436F-DB29-4207-82EC-7B2619DCEBF8}.Debug|x64.Build.0 = Debug|x64
		{7437436F-DB29-4207-82EC-7B2619DCEBF8}.Debug|x86.ActiveCfg = Debug|Win32
		{7437436F-DB29-4207-82EC-7B2619DCEBF8}.Debug|x86.Build.0 = Debug|Win32
		{7437436F-DB29-4207-82EC-7B2619DCEBF8}.Release|Any CPU.ActiveCfg = Release|Win32
		{7437436F-DB29-4207-82EC-7B2619DCEBF8}.Release|x64.ActiveCfg = Release|x64
		{7437436F-DB29-4207-82EC-7B2619DCEBF8}.Release|x64.Build.0 = Release|x64
		{7437436F-DB29-4207-82EC-7B2619DCEBF8}.Release|x86.ActiveCfg = Release|Win32
		{7437436F-DB29-4207-82EC-7B2619DCEBF8}.Release|x86.Build.0 = Release|Win32
		{DCA7479D-7FA8-4634-A104-07FF51235318}.Debug|Any CPU.ActiveCfg = Debug|Win32
		{DCA7479D-7FA8-4634-A104-07FF51235318}.Debug|x64.ActiveCfg = Debug|x64
		{DCA7479D-7FA8-4634-A104-07FF51235318}.Debug|x64.Build.0 = Debug|x64
		{DCA7479D-7FA8-4634-A104-07FF51235318}.Debug|x86.ActiveCfg = Debug|Win32
		{DCA7479D-7FA8-4634-A104-07FF51235318}.Debug|x86.Build.0 = Debug|Win32
		{DCA7479D-7FA8-4634-A104-07FF51235318}.Release|Any CPU.ActiveCfg = Release|Win32
		{DCA7479D-7FA8-4634-A104-07FF51235318}.Release|x64.ActiveCfg = Release|x64
		{DCA7479D-7FA8-4634-A104-07FF51235318}.Release|x64.Build.0 = Release|x64
		{DCA7479D-7FA8-4634-A104-07FF51235318}.Release|x86.ActiveCfg = Release|Win32
		{DCA7479D-7FA8-4634-A104-07FF51235318}.Release|x86.Build.0 = Release|Win32
		{910A4FF0-F676-4273-8359-74E138497D79}.Debug|Any CPU.ActiveCfg = Debug|Win32
		{910A4FF0-F676-4273-8359-74E138497D79}.Debug|x64.ActiveCfg = Debug|x64
		{910A4FF0-F676-4273-8359-74E138497D79}.Debug|x64.Build.0 = Debug|x64
		{910A4FF0-F676-4273-8359-74E138497D79}.Debug|x86.ActiveCfg = Debug|Win32
		{910A4FF0-F676-4273-8359-74E138497D79}.Debug|x86.Build.0 = Debug|Win32
		{910A4FF0-F676-4273-8359-74E138497D79}.Release|Any CPU.ActiveCfg = Release|Win32
		{910A4FF0-F676-4273-8359-74E138497D79}.Release|x64.ActiveCfg = Release|x64
		{910A4FF0-F676-4273-8359-74E138497D79}.Release|x64.Build.0 = Release|x64
		{910A4FF0-F676-4273-8359-74E138497D79}.Release|x86.ActiveCfg = Release|Win32
		{910A4FF0-F676-4273-8359-74E138497D79}.Release|x86.Build.0 = Release|Win32
		{9532563F-7A27-4479-8A45-00500CC6B592}.Debug|Any CPU.ActiveCfg = Debug|Win32
		{9532563F-7A27-4479-8A45-00500CC6B592}.Debug|x64.ActiveCfg = Debug|x64
		{9532563F-7A27-4479-8A45-00500CC6B592}.Debug|x64.Build.0 = Debug|x64
		{9532563F-7A27-4479-8A45-00500CC6B592}.Debug|x86.ActiveCfg = Debug|Win32
		{9532563F-7A27-4479-8A45-00500CC6B592}.Debug|x86.Build.0 = Debug|Win32
		{9532563F-7A27-4479-8A45-00500CC6B592}.Release|Any CPU.ActiveCfg = Release|Win32
		{9532563F-7A27-4479-8A45-00500CC6B592}.Release|x64.ActiveCfg = Release|x64
		{9532563F-7A27-4479-8A45-00500CC6B592}.Release|x64.Build.0 = Release|x64
		{9532563F-7A27-4479-8A45-00500CC6B592}.Release|x86.ActiveCfg = Release|Win32
		{9532563F-7A27-4479-8A45-00500CC6B592}.Release|x86.Build.0 = Release|Win32
		{6221D75E-97E9-414A-9ED2-287259536C93}.Debug|Any CPU.ActiveCfg = Debug|Win32
		{6221D75E-97E9-414A-9ED2-287259536C93}.Debug|x64.ActiveCfg = Debug|x64
		{6221D75E-97E9-414A-9ED2-287259536C93}.Debug|x64.Build.0 = Debug|x64
		{6221D75E-97E9-414A-9ED2-287259536C93}.Debug|x86.ActiveCfg = Debug|Win32
		{6221D75E-97E9-414A-9ED2-287259536C93}.Debug|x86.Build.0 = Debug|Win32
		{6221D75E-97E9-414A-9ED2-287259536C93}.Release|Any CPU.ActiveCfg = Release|Win32
		{6221D75E-97E9-414A-9ED2-287259536C93}.Release|x64.ActiveCfg = Release|x64
		{6221D75E-97E9-414A-9ED2-287259536C93}.Release|x64.Build.0 = Release|x64
		{6221D75E-97E9-414A-9ED2-287259536C93}.Release|x86.ActiveCfg = Release|Win32
		{6221D75E-97E9-414A-9ED2-287259536C93}.Release|x86.Build.0 = Release|Win32
		{73D75B9B-6622-402D-9D0B-083B45DA65B5}.Debug|Any CPU.ActiveCfg = Debug|Win32
		{73D75B9B-6622-402D-9D0B-083B45DA65B5}.Debug|x64.ActiveCfg = Debug|x64
		{73D75B9B-6622-402D-9D0B-083B45DA65B5}.Debug|x64.Build.0 = Debug|x64
		{73D75B9B-6622-402D-9D0B-083B45DA65B5}.Debug|x86.ActiveCfg = Debug|Win32
		{73D75B9B-6622-402D-9D0B-083B45DA65B5}.Debug|x86.Build.0 = Debug|Win32
		{73D75B9B-6622-402D-9D0B-083B45DA65B5}.Release|Any CPU.ActiveCfg = Release|Win32
		{73D75B9B-6622-402D-9D0B-083B45DA65B5}.Release|x64.ActiveCfg = Release|x64
		{73D75B9B-6622-402D-9D0B-083B45DA65B5}.Release|x64.Build.0 = Release|x64
		{73D75B9B-6622-402D-9D0B-083B45DA65B5}.Release|x86.ActiveCfg = Release|Win32
		{73D75B9B-6622-402D-9D0B-083B45DA65B5}.Release|x86.Build.0 = Release|Win32
		{9490776F-7FA5-4361-95E3-D263AE6A4EF9}.Debug|Any CPU.ActiveCfg = Debug|Win32
		{9490776F-7FA5-4361-95E3-D263AE6A4EF9}.Debug|x64.ActiveCfg = Debug|x64
		{9490776F-7FA5-4361-95E3-D263AE6A4EF9}.Debug|x64.Build.0 = Debug|x64
		{9490776F-7FA5-4361-95E3-D263AE6A4EF9}.Debug|x86.ActiveCfg = Debug|Win32
		{9490776F-7FA5-4361-95E3-D263AE6A4EF9}.Debug|x86.Build.0 = Debug|Win32
		{9490776F-7FA5-4361-95E3-D263AE6A4EF9}.Release|Any CPU.ActiveCfg = Release|Win32
		{9490776F-7FA5-4361-95E3-D263AE6A4EF9}.Release|x64.ActiveCfg = Release|x64
		{9490776F-7FA5-4361-95E3-D263AE6A4EF9}.Release|x64.Build.0 = Release|x64
		{9490776F-7FA5-4361-95E3-D263AE6A4EF9}.Release|x86.ActiveCfg = Release|Win32
		{9490776F-7FA5-4361-95E3-D263AE6A4EF9}.Release|x86.Build.0 = Release|Win32
		{B6524123-98CE-42AD-BF3C-AAA4AC1CCD5C}.Debug|Any CPU.ActiveCfg = Debug|Win32
		{B6524123-98CE-42AD-BF3C-AAA4AC1CCD5C}.Debug|x64.ActiveCfg = Debug|x64
		{B6524123-98CE-42AD-BF3C-AAA4AC1CCD5C}.Debug|x64.Build.0 = Debug|x64
		{B6524123-98CE-42AD-BF3C-AAA4AC1CCD5C}.Debug|x86.ActiveCfg = Debug|Win32
		{B6524123-98CE-42AD-BF3C-AAA4AC1CCD5C}.Debug|x86.Build.0 = Debug|Win32
		{B6524123-98CE-42AD-BF3C-AAA4AC1CCD5C}.Release|Any CPU.ActiveCfg = Release|Win32
		{B6524123-98CE-42AD-BF3C-AAA4AC1CCD5C}.Release|x64.ActiveCfg = Release|x64
		{B6524123-98CE-42AD-BF3C-AAA4AC1CCD5C}.Release|x64.Build.0 = Release|x64
		{B6524123-98CE-42AD-BF3C-AAA4AC1CCD5C}.Release|x86.ActiveCfg = Release|Win32
		{B6524123-98CE-42AD-BF3C-AAA4AC1CCD5C}.Release|x86.Build.0 = Release|Win32
		{8E6E3B3C-5F95-4AE0-8EF5-4B901B3DC29F}.Debug|Any CPU.ActiveCfg = Debug|Win32
		{8E6E3B3C-5F95-4AE0-8EF5-4B901B3DC29F}.Debug|x64.ActiveCfg = Debug|x64
		{8E6E3B3C-5F95-4AE0-8EF5-4B901B3DC29F}.Debug|x64.Build.0 = Debug|x64
		{8E6E3B3C-5F95-4AE0-8EF5-4B901B3DC29F}.Debug|x86.ActiveCfg = Debug|Win32
		{8E6E3B3C-5F95-4AE0-8EF5-4B901B3DC29F}.Debug|x86.Build.0 = Debug|Win32
		{8E6E3B3C-5F95-4AE0-8EF5-4B901B3DC29F}.Release|Any CPU.ActiveCfg = Release|Win32
		{8E6E3B3C-5F95-4AE0-8EF5-4B901B3DC29F}.Release|x64.ActiveCfg = Release|x64
		{8E6E3B3C-5F95-4AE0-8EF5-4B901B3DC29F}.Release|x64.Build.0 = Release|x64
		{8E6E3B3C-5F95-4AE0-8EF5-4B901B3DC29F}.Release|x86.ActiveCfg = Release|Win32
		{8E6E3B3C-5F95-4AE0-8EF5-4B901B3DC29F}.Release|x86.Build.0 = Release|Win32
	EndGlobalSection
	GlobalSection(SolutionProperties) = preSolution
		HideSolutionNode = FALSE
	EndGlobalSection
EndGlobal
